// !$*UTF8*$!
{
	archiveVersion = 1;
	classes = {
	};
	objectVersion = 56;
	objects = {

/* Begin PBXBuildFile section */
		009E79A52996D57B00C792C4 /* AppDelegate.swift in Sources */ = {isa = PBXBuildFile; fileRef = 009E79A42996D57B00C792C4 /* AppDelegate.swift */; };
		009E79A72996D57B00C792C4 /* ContentView.swift in Sources */ = {isa = PBXBuildFile; fileRef = 009E79A62996D57B00C792C4 /* ContentView.swift */; };
		009E79AB2996D57D00C792C4 /* Assets.xcassets in Resources */ = {isa = PBXBuildFile; fileRef = 009E79AA2996D57D00C792C4 /* Assets.xcassets */; };
		009E79AE2996D57D00C792C4 /* Preview Assets.xcassets in Resources */ = {isa = PBXBuildFile; fileRef = 009E79AD2996D57D00C792C4 /* Preview Assets.xcassets */; };
		009E79D12999AE2500C792C4 /* CustomARView.swift in Sources */ = {isa = PBXBuildFile; fileRef = 009E79D02999AE2500C792C4 /* CustomARView.swift */; };
		009E79D32999B0B600C792C4 /* CustomARViewRepresentable.swift in Sources */ = {isa = PBXBuildFile; fileRef = 009E79D22999B0B600C792C4 /* CustomARViewRepresentable.swift */; };
		009E79D7299AD68E00C792C4 /* CustomARSessionDelegate.swift in Sources */ = {isa = PBXBuildFile; fileRef = 009E79D6299AD68E00C792C4 /* CustomARSessionDelegate.swift */; };
		009E79E629A2C30000C792C4 /* Cabbage.usdz in Resources */ = {isa = PBXBuildFile; fileRef = 009E79E529A2C30000C792C4 /* Cabbage.usdz */; };
		00B88F5929A4FF080065002B /* TimeLimitedFunction.swift in Sources */ = {isa = PBXBuildFile; fileRef = 00B88F5829A4FF080065002B /* TimeLimitedFunction.swift */; };
		00B88F5B29A507360065002B /* Model.swift in Sources */ = {isa = PBXBuildFile; fileRef = 00B88F5A29A507360065002B /* Model.swift */; };
/* End PBXBuildFile section */

/* Begin PBXFileReference section */
		009E79A12996D57B00C792C4 /* Drag2Care.app */ = {isa = PBXFileReference; explicitFileType = wrapper.application; includeInIndex = 0; path = Drag2Care.app; sourceTree = BUILT_PRODUCTS_DIR; };
		009E79A42996D57B00C792C4 /* AppDelegate.swift */ = {isa = PBXFileReference; lastKnownFileType = sourcecode.swift; path = AppDelegate.swift; sourceTree = "<group>"; };
		009E79A62996D57B00C792C4 /* ContentView.swift */ = {isa = PBXFileReference; lastKnownFileType = sourcecode.swift; path = ContentView.swift; sourceTree = "<group>"; };
		009E79AA2996D57D00C792C4 /* Assets.xcassets */ = {isa = PBXFileReference; lastKnownFileType = folder.assetcatalog; path = Assets.xcassets; sourceTree = "<group>"; };
		009E79AD2996D57D00C792C4 /* Preview Assets.xcassets */ = {isa = PBXFileReference; lastKnownFileType = folder.assetcatalog; path = "Preview Assets.xcassets"; sourceTree = "<group>"; };
		009E79D02999AE2500C792C4 /* CustomARView.swift */ = {isa = PBXFileReference; lastKnownFileType = sourcecode.swift; path = CustomARView.swift; sourceTree = "<group>"; };
		009E79D22999B0B600C792C4 /* CustomARViewRepresentable.swift */ = {isa = PBXFileReference; lastKnownFileType = sourcecode.swift; path = CustomARViewRepresentable.swift; sourceTree = "<group>"; };
		009E79D52999B29900C792C4 /* Info.plist */ = {isa = PBXFileReference; lastKnownFileType = text.plist; path = Info.plist; sourceTree = "<group>"; };
		009E79D6299AD68E00C792C4 /* CustomARSessionDelegate.swift */ = {isa = PBXFileReference; lastKnownFileType = sourcecode.swift; path = CustomARSessionDelegate.swift; sourceTree = "<group>"; };
		009E79E529A2C30000C792C4 /* Cabbage.usdz */ = {isa = PBXFileReference; lastKnownFileType = file.usdz; path = Cabbage.usdz; sourceTree = "<group>"; };
		00B88F5829A4FF080065002B /* TimeLimitedFunction.swift */ = {isa = PBXFileReference; lastKnownFileType = sourcecode.swift; path = TimeLimitedFunction.swift; sourceTree = "<group>"; };
		00B88F5A29A507360065002B /* Model.swift */ = {isa = PBXFileReference; lastKnownFileType = sourcecode.swift; path = Model.swift; sourceTree = "<group>"; };
/* End PBXFileReference section */

/* Begin PBXFrameworksBuildPhase section */
		009E799E2996D57B00C792C4 /* Frameworks */ = {
			isa = PBXFrameworksBuildPhase;
			buildActionMask = 2147483647;
			files = (
			);
			runOnlyForDeploymentPostprocessing = 0;
		};
/* End PBXFrameworksBuildPhase section */

/* Begin PBXGroup section */
		009E79982996D57B00C792C4 = {
			isa = PBXGroup;
			children = (
				009E79A32996D57B00C792C4 /* Drag2Care */,
				009E79A22996D57B00C792C4 /* Products */,
			);
			sourceTree = "<group>";
		};
		009E79A22996D57B00C792C4 /* Products */ = {
			isa = PBXGroup;
			children = (
				009E79A12996D57B00C792C4 /* Drag2Care.app */,
			);
			name = Products;
			sourceTree = "<group>";
		};
		009E79A32996D57B00C792C4 /* Drag2Care */ = {
			isa = PBXGroup;
			children = (
				009E79E029A2B84800C792C4 /* Models */,
				009E79D52999B29900C792C4 /* Info.plist */,
				009E79D42999B13500C792C4 /* ARComponents */,
				009E79A42996D57B00C792C4 /* AppDelegate.swift */,
				009E79AA2996D57D00C792C4 /* Assets.xcassets */,
				009E79AC2996D57D00C792C4 /* Preview Content */,
			);
			path = Drag2Care;
			sourceTree = "<group>";
		};
		009E79AC2996D57D00C792C4 /* Preview Content */ = {
			isa = PBXGroup;
			children = (
				009E79AD2996D57D00C792C4 /* Preview Assets.xcassets */,
			);
			path = "Preview Content";
			sourceTree = "<group>";
		};
		009E79D42999B13500C792C4 /* ARComponents */ = {
			isa = PBXGroup;
			children = (
				009E79A62996D57B00C792C4 /* ContentView.swift */,
				009E79D02999AE2500C792C4 /* CustomARView.swift */,
				009E79D22999B0B600C792C4 /* CustomARViewRepresentable.swift */,
				009E79D6299AD68E00C792C4 /* CustomARSessionDelegate.swift */,
				00B88F5829A4FF080065002B /* TimeLimitedFunction.swift */,
				00B88F5A29A507360065002B /* Model.swift */,
			);
			path = ARComponents;
			sourceTree = "<group>";
		};
		009E79E029A2B84800C792C4 /* Models */ = {
			isa = PBXGroup;
			children = (
				009E79E529A2C30000C792C4 /* Cabbage.usdz */,
			);
			path = Models;
			sourceTree = "<group>";
		};
/* End PBXGroup section */

/* Begin PBXNativeTarget section */
		009E79A02996D57B00C792C4 /* Drag2Care */ = {
			isa = PBXNativeTarget;
			buildConfigurationList = 009E79B12996D57D00C792C4 /* Build configuration list for PBXNativeTarget "Drag2Care" */;
			buildPhases = (
				009E799D2996D57B00C792C4 /* Sources */,
				009E799E2996D57B00C792C4 /* Frameworks */,
				009E799F2996D57B00C792C4 /* Resources */,
			);
			buildRules = (
			);
			dependencies = (
			);
			name = Drag2Care;
			productName = Drag2Care;
			productReference = 009E79A12996D57B00C792C4 /* Drag2Care.app */;
			productType = "com.apple.product-type.application";
		};
/* End PBXNativeTarget section */

/* Begin PBXProject section */
		009E79992996D57B00C792C4 /* Project object */ = {
			isa = PBXProject;
			attributes = {
				BuildIndependentTargetsInParallel = 1;
				LastSwiftUpdateCheck = 1420;
				LastUpgradeCheck = 1420;
				TargetAttributes = {
					009E79A02996D57B00C792C4 = {
						CreatedOnToolsVersion = 14.2;
					};
				};
			};
			buildConfigurationList = 009E799C2996D57B00C792C4 /* Build configuration list for PBXProject "Drag2Care" */;
			compatibilityVersion = "Xcode 14.0";
			developmentRegion = en;
			hasScannedForEncodings = 0;
			knownRegions = (
				en,
				Base,
			);
			mainGroup = 009E79982996D57B00C792C4;
			productRefGroup = 009E79A22996D57B00C792C4 /* Products */;
			projectDirPath = "";
			projectRoot = "";
			targets = (
				009E79A02996D57B00C792C4 /* Drag2Care */,
			);
		};
/* End PBXProject section */

/* Begin PBXResourcesBuildPhase section */
		009E799F2996D57B00C792C4 /* Resources */ = {
			isa = PBXResourcesBuildPhase;
			buildActionMask = 2147483647;
			files = (
				009E79AE2996D57D00C792C4 /* Preview Assets.xcassets in Resources */,
				009E79E629A2C30000C792C4 /* Cabbage.usdz in Resources */,
				009E79AB2996D57D00C792C4 /* Assets.xcassets in Resources */,
			);
			runOnlyForDeploymentPostprocessing = 0;
		};
/* End PBXResourcesBuildPhase section */

/* Begin PBXSourcesBuildPhase section */
		009E799D2996D57B00C792C4 /* Sources */ = {
			isa = PBXSourcesBuildPhase;
			buildActionMask = 2147483647;
			files = (
				00B88F5B29A507360065002B /* Model.swift in Sources */,
				009E79A72996D57B00C792C4 /* ContentView.swift in Sources */,
				00B88F5929A4FF080065002B /* TimeLimitedFunction.swift in Sources */,
				009E79D12999AE2500C792C4 /* CustomARView.swift in Sources */,
				009E79A52996D57B00C792C4 /* AppDelegate.swift in Sources */,
				009E79D32999B0B600C792C4 /* CustomARViewRepresentable.swift in Sources */,
				009E79D7299AD68E00C792C4 /* CustomARSessionDelegate.swift in Sources */,
			);
			runOnlyForDeploymentPostprocessing = 0;
		};
/* End PBXSourcesBuildPhase section */

/* Begin XCBuildConfiguration section */
		009E79AF2996D57D00C792C4 /* Debug */ = {
			isa = XCBuildConfiguration;
			buildSettings = {
				ALWAYS_SEARCH_USER_PATHS = NO;
				CLANG_ANALYZER_NONNULL = YES;
				CLANG_ANALYZER_NUMBER_OBJECT_CONVERSION = YES_AGGRESSIVE;
				CLANG_CXX_LANGUAGE_STANDARD = "gnu++20";
				CLANG_ENABLE_MODULES = YES;
				CLANG_ENABLE_OBJC_ARC = YES;
				CLANG_ENABLE_OBJC_WEAK = YES;
				CLANG_WARN_BLOCK_CAPTURE_AUTORELEASING = YES;
				CLANG_WARN_BOOL_CONVERSION = YES;
				CLANG_WARN_COMMA = YES;
				CLANG_WARN_CONSTANT_CONVERSION = YES;
				CLANG_WARN_DEPRECATED_OBJC_IMPLEMENTATIONS = YES;
				CLANG_WARN_DIRECT_OBJC_ISA_USAGE = YES_ERROR;
				CLANG_WARN_DOCUMENTATION_COMMENTS = YES;
				CLANG_WARN_EMPTY_BODY = YES;
				CLANG_WARN_ENUM_CONVERSION = YES;
				CLANG_WARN_INFINITE_RECURSION = YES;
				CLANG_WARN_INT_CONVERSION = YES;
				CLANG_WARN_NON_LITERAL_NULL_CONVERSION = YES;
				CLANG_WARN_OBJC_IMPLICIT_RETAIN_SELF = YES;
				CLANG_WARN_OBJC_LITERAL_CONVERSION = YES;
				CLANG_WARN_OBJC_ROOT_CLASS = YES_ERROR;
				CLANG_WARN_QUOTED_INCLUDE_IN_FRAMEWORK_HEADER = YES;
				CLANG_WARN_RANGE_LOOP_ANALYSIS = YES;
				CLANG_WARN_STRICT_PROTOTYPES = YES;
				CLANG_WARN_SUSPICIOUS_MOVE = YES;
				CLANG_WARN_UNGUARDED_AVAILABILITY = YES_AGGRESSIVE;
				CLANG_WARN_UNREACHABLE_CODE = YES;
				CLANG_WARN__DUPLICATE_METHOD_MATCH = YES;
				COPY_PHASE_STRIP = NO;
				DEBUG_INFORMATION_FORMAT = dwarf;
				ENABLE_STRICT_OBJC_MSGSEND = YES;
				ENABLE_TESTABILITY = YES;
				GCC_C_LANGUAGE_STANDARD = gnu11;
				GCC_DYNAMIC_NO_PIC = NO;
				GCC_NO_COMMON_BLOCKS = YES;
				GCC_OPTIMIZATION_LEVEL = 0;
				GCC_PREPROCESSOR_DEFINITIONS = (
					"DEBUG=1",
					"$(inherited)",
				);
				GCC_WARN_64_TO_32_BIT_CONVERSION = YES;
				GCC_WARN_ABOUT_RETURN_TYPE = YES_ERROR;
				GCC_WARN_UNDECLARED_SELECTOR = YES;
				GCC_WARN_UNINITIALIZED_AUTOS = YES_AGGRESSIVE;
				GCC_WARN_UNUSED_FUNCTION = YES;
				GCC_WARN_UNUSED_VARIABLE = YES;
				IPHONEOS_DEPLOYMENT_TARGET = 16.2;
				MTL_ENABLE_DEBUG_INFO = INCLUDE_SOURCE;
				MTL_FAST_MATH = YES;
				ONLY_ACTIVE_ARCH = YES;
				SDKROOT = iphoneos;
				SWIFT_ACTIVE_COMPILATION_CONDITIONS = DEBUG;
				SWIFT_OPTIMIZATION_LEVEL = "-Onone";
			};
			name = Debug;
		};
		009E79B02996D57D00C792C4 /* Release */ = {
			isa = XCBuildConfiguration;
			buildSettings = {
				ALWAYS_SEARCH_USER_PATHS = NO;
				CLANG_ANALYZER_NONNULL = YES;
				CLANG_ANALYZER_NUMBER_OBJECT_CONVERSION = YES_AGGRESSIVE;
				CLANG_CXX_LANGUAGE_STANDARD = "gnu++20";
				CLANG_ENABLE_MODULES = YES;
				CLANG_ENABLE_OBJC_ARC = YES;
				CLANG_ENABLE_OBJC_WEAK = YES;
				CLANG_WARN_BLOCK_CAPTURE_AUTORELEASING = YES;
				CLANG_WARN_BOOL_CONVERSION = YES;
				CLANG_WARN_COMMA = YES;
				CLANG_WARN_CONSTANT_CONVERSION = YES;
				CLANG_WARN_DEPRECATED_OBJC_IMPLEMENTATIONS = YES;
				CLANG_WARN_DIRECT_OBJC_ISA_USAGE = YES_ERROR;
				CLANG_WARN_DOCUMENTATION_COMMENTS = YES;
				CLANG_WARN_EMPTY_BODY = YES;
				CLANG_WARN_ENUM_CONVERSION = YES;
				CLANG_WARN_INFINITE_RECURSION = YES;
				CLANG_WARN_INT_CONVERSION = YES;
				CLANG_WARN_NON_LITERAL_NULL_CONVERSION = YES;
				CLANG_WARN_OBJC_IMPLICIT_RETAIN_SELF = YES;
				CLANG_WARN_OBJC_LITERAL_CONVERSION = YES;
				CLANG_WARN_OBJC_ROOT_CLASS = YES_ERROR;
				CLANG_WARN_QUOTED_INCLUDE_IN_FRAMEWORK_HEADER = YES;
				CLANG_WARN_RANGE_LOOP_ANALYSIS = YES;
				CLANG_WARN_STRICT_PROTOTYPES = YES;
				CLANG_WARN_SUSPICIOUS_MOVE = YES;
				CLANG_WARN_UNGUARDED_AVAILABILITY = YES_AGGRESSIVE;
				CLANG_WARN_UNREACHABLE_CODE = YES;
				CLANG_WARN__DUPLICATE_METHOD_MATCH = YES;
				COPY_PHASE_STRIP = NO;
				DEBUG_INFORMATION_FORMAT = "dwarf-with-dsym";
				ENABLE_NS_ASSERTIONS = NO;
				ENABLE_STRICT_OBJC_MSGSEND = YES;
				GCC_C_LANGUAGE_STANDARD = gnu11;
				GCC_NO_COMMON_BLOCKS = YES;
				GCC_WARN_64_TO_32_BIT_CONVERSION = YES;
				GCC_WARN_ABOUT_RETURN_TYPE = YES_ERROR;
				GCC_WARN_UNDECLARED_SELECTOR = YES;
				GCC_WARN_UNINITIALIZED_AUTOS = YES_AGGRESSIVE;
				GCC_WARN_UNUSED_FUNCTION = YES;
				GCC_WARN_UNUSED_VARIABLE = YES;
				IPHONEOS_DEPLOYMENT_TARGET = 16.2;
				MTL_ENABLE_DEBUG_INFO = NO;
				MTL_FAST_MATH = YES;
				SDKROOT = iphoneos;
				SWIFT_COMPILATION_MODE = wholemodule;
				SWIFT_OPTIMIZATION_LEVEL = "-O";
				VALIDATE_PRODUCT = YES;
			};
			name = Release;
		};
		009E79B22996D57D00C792C4 /* Debug */ = {
			isa = XCBuildConfiguration;
			buildSettings = {
				ASSETCATALOG_COMPILER_APPICON_NAME = AppIcon;
				ASSETCATALOG_COMPILER_GLOBAL_ACCENT_COLOR_NAME = AccentColor;
				CODE_SIGN_STYLE = Automatic;
				CURRENT_PROJECT_VERSION = 1;
				DEVELOPMENT_ASSET_PATHS = "\"Drag2Care/Preview Content\"";
				DEVELOPMENT_TEAM = MPMUC3M969;
				ENABLE_PREVIEWS = YES;
				GENERATE_INFOPLIST_FILE = YES;
				INFOPLIST_FILE = Drag2Care/Info.plist;
				INFOPLIST_KEY_NSCameraUsageDescription = "Needed to show AR View";
				INFOPLIST_KEY_UIApplicationSupportsIndirectInputEvents = YES;
				INFOPLIST_KEY_UILaunchScreen_Generation = YES;
				INFOPLIST_KEY_UIRequiredDeviceCapabilities = arkit;
				INFOPLIST_KEY_UIStatusBarHidden = YES;
				INFOPLIST_KEY_UISupportedInterfaceOrientations_iPad = "UIInterfaceOrientationPortrait UIInterfaceOrientationPortraitUpsideDown UIInterfaceOrientationLandscapeLeft UIInterfaceOrientationLandscapeRight";
				INFOPLIST_KEY_UISupportedInterfaceOrientations_iPhone = "UIInterfaceOrientationPortrait UIInterfaceOrientationLandscapeLeft UIInterfaceOrientationLandscapeRight";
				LD_RUNPATH_SEARCH_PATHS = (
					"$(inherited)",
					"@executable_path/Frameworks",
				);
				MARKETING_VERSION = 1.0;
				PRODUCT_BUNDLE_IDENTIFIER = org.iu.Drag2Care;
				PRODUCT_NAME = "$(TARGET_NAME)";
				SWIFT_EMIT_LOC_STRINGS = YES;
				SWIFT_VERSION = 5.0;
				TARGETED_DEVICE_FAMILY = "1,2";
			};
			name = Debug;
		};
		009E79B32996D57D00C792C4 /* Release */ = {
			isa = XCBuildConfiguration;
			buildSettings = {
				ASSETCATALOG_COMPILER_APPICON_NAME = AppIcon;
				ASSETCATALOG_COMPILER_GLOBAL_ACCENT_COLOR_NAME = AccentColor;
				CODE_SIGN_STYLE = Automatic;
				CURRENT_PROJECT_VERSION = 1;
				DEVELOPMENT_ASSET_PATHS = "\"Drag2Care/Preview Content\"";
				DEVELOPMENT_TEAM = MPMUC3M969;
				ENABLE_PREVIEWS = YES;
				GENERATE_INFOPLIST_FILE = YES;
				INFOPLIST_FILE = Drag2Care/Info.plist;
				INFOPLIST_KEY_NSCameraUsageDescription = "Needed to show AR View";
				INFOPLIST_KEY_UIApplicationSupportsIndirectInputEvents = YES;
				INFOPLIST_KEY_UILaunchScreen_Generation = YES;
				INFOPLIST_KEY_UIRequiredDeviceCapabilities = arkit;
				INFOPLIST_KEY_UIStatusBarHidden = YES;
				INFOPLIST_KEY_UISupportedInterfaceOrientations_iPad = "UIInterfaceOrientationPortrait UIInterfaceOrientationPortraitUpsideDown UIInterfaceOrientationLandscapeLeft UIInterfaceOrientationLandscapeRight";
				INFOPLIST_KEY_UISupportedInterfaceOrientations_iPhone = "UIInterfaceOrientationPortrait UIInterfaceOrientationLandscapeLeft UIInterfaceOrientationLandscapeRight";
				LD_RUNPATH_SEARCH_PATHS = (
					"$(inherited)",
					"@executable_path/Frameworks",
				);
				MARKETING_VERSION = 1.0;
				PRODUCT_BUNDLE_IDENTIFIER = org.iu.Drag2Care;
				PRODUCT_NAME = "$(TARGET_NAME)";
				SWIFT_EMIT_LOC_STRINGS = YES;
				SWIFT_VERSION = 5.0;
				TARGETED_DEVICE_FAMILY = "1,2";
			};
			name = Release;
		};
/* End XCBuildConfiguration section */

/* Begin XCConfigurationList section */
		009E799C2996D57B00C792C4 /* Build configuration list for PBXProject "Drag2Care" */ = {
			isa = XCConfigurationList;
			buildConfigurations = (
				009E79AF2996D57D00C792C4 /* Debug */,
				009E79B02996D57D00C792C4 /* Release */,
			);
			defaultConfigurationIsVisible = 0;
			defaultConfigurationName = Release;
		};
		009E79B12996D57D00C792C4 /* Build configuration list for PBXNativeTarget "Drag2Care" */ = {
			isa = XCConfigurationList;
			buildConfigurations = (
				009E79B22996D57D00C792C4 /* Debug */,
				009E79B32996D57D00C792C4 /* Release */,
			);
			defaultConfigurationIsVisible = 0;
			defaultConfigurationName = Release;
		};
/* End XCConfigurationList section */
	};
	rootObject = 009E79992996D57B00C792C4 /* Project object */;
}
